github.com/davecgh/go-spew v1.1.1 h1:vj9j/u1bqnvCEfJOwUhtlOARqs3+rkHYY13jYWTU97c=
github.com/davecgh/go-spew v1.1.1/go.mod h1:J7Y8YcW2NihsgmVo/mv3lAwl/skON4iLHjSsI+c5H38=
github.com/nixpare/mem v1.0.0-beta.3 h1:ccGrJsu+b2HG1EdMkxYJQICDvroHRrTIam0eS69HRzY=
github.com/nixpare/mem v1.0.0-beta.3/go.mod h1:mp2Je8q1t5sScZwF/kfJv2KSWOKpWCVpYqjo0a9kjdo=
github.com/nixpare/mem v1.0.0-beta.4 h1:IsbH1Ksb98cqvnc0wTY9sgN13D+sut+9sYqbWzvussI=
github.com/nixpare/mem v1.0.0-beta.4/go.mod h1:mp2Je8q1t5sScZwF/kfJv2KSWOKpWCVpYqjo0a9kjdo=
github.com/nixpare/sorting v1.1.0 h1:g/fMohZNpKxE4aMYhUyp3G+QmE2E7xg+7+zkgA1lgsQ=
github.com/nixpare/sorting v1.1.0/go.mod h1:ToAvH9ogmuKTfuH2i/r1VRSt5k0DdGGQIRqAidn5KSM=
github.com/pmezard/go-difflib v1.0.0 h1:4DBwDE0NGyQoBHbLQYPwSUPoCMWR5BEzIk/f1lZbAQM=
github.com/pmezard/go-difflib v1.0.0/go.mod h1:iKH77koFhYxTK1pcRnkKkqfTogsbg7gZNVY4sRDYZ/4=
github.com/stretchr/testify v1.9.0 h1:HtqpIVDClZ4nwg75+f6Lvsy/wHu+3BoSGCbBAcpTsTg=
github.com/stretchr/testify v1.9.0/go.mod h1:r2ic/lqez/lEtzL7wO/rwa5dbSLXVDPFyf8C91i36aY=
gopkg.in/yaml.v3 v3.0.1 h1:fxVm/GzAzEWqLHuvctI91KS9hhNmmWOoWu0XTYJS7CA=
gopkg.in/yaml.v3 v3.0.1/go.mod h1:K4uyk7z7BCEPqu6E+C64Yfv1cQ7kz7rIZviUmN+EgEM=
